PODS:
  - iOSSnapshotTestCase (6.2.0):
    - iOSSnapshotTestCase/SwiftSupport (= 6.2.0)
  - iOSSnapshotTestCase/Core (6.2.0)
  - iOSSnapshotTestCase/SwiftSupport (6.2.0):
    - iOSSnapshotTestCase/Core
  - Nimble (8.0.7)
  - Nimble-Snapshots (8.2.0):
    - Nimble-Snapshots/Core (= 8.2.0)
  - Nimble-Snapshots/Core (8.2.0):
    - iOSSnapshotTestCase (~> 6.0)
    - Nimble (~> 8.0)
  - Quick (2.2.0)
  - SDWebImage (5.7.2):
    - SDWebImage/Core (= 5.7.2)
  - SDWebImage/Core (5.7.2)

DEPENDENCIES:
  - Nimble
  - Nimble-Snapshots
  - Quick
  - SDWebImage

SPEC REPOS:
  trunk:
    - iOSSnapshotTestCase
    - Nimble
    - Nimble-Snapshots
    - Quick
    - SDWebImage

SPEC CHECKSUMS:
  iOSSnapshotTestCase: 9ab44cb5aa62b84d31847f40680112e15ec579a6
  Nimble: a73af6ecd4c9106f434f3d55fc54570be3739e0b
  Nimble-Snapshots: 7a1133b2dcce853ecdf1026f0a17fedf03bc41c9
  Quick: 7fb19e13be07b5dfb3b90d4f9824c855a11af40e
  SDWebImage: d9ea4959d99c52276dfada481987018fcaea3d58

PODFILE CHECKSUM: 7cc510d44d9ababf0a207929457b9ea4ccd1409c

COCOAPODS: 1.9.1
