PODS:
  - iOSSnapshotTestCase (6.2.0):
    - iOSSnapshotTestCase/SwiftSupport (= 6.2.0)
  - iOSSnapshotTestCase/Core (6.2.0)
  - iOSSnapshotTestCase/SwiftSupport (6.2.0):
    - iOSSnapshotTestCase/Core
  - SDWebImage (5.7.2):
    - SDWebImage/Core (= 5.7.2)
  - SDWebImage/Core (5.7.2)

DEPENDENCIES:
  - iOSSnapshotTestCase
  - SDWebImage

SPEC REPOS:
  trunk:
    - iOSSnapshotTestCase
    - SDWebImage

SPEC CHECKSUMS:
  iOSSnapshotTestCase: 9ab44cb5aa62b84d31847f40680112e15ec579a6
  SDWebImage: d9ea4959d99c52276dfada481987018fcaea3d58

PODFILE CHECKSUM: ec11d5f3713c3a1707b0b869631fc326458bf647

COCOAPODS: 1.9.1
