// !$*UTF8*$!
{
	archiveVersion = 1;
	classes = {
	};
	objectVersion = 51;
	objects = {

/* Begin PBXBuildFile section */
		062C69D44D77C04283BE8494 /* Pods_TheCatsLibraryTests.framework in Frameworks */ = {isa = PBXBuildFile; fileRef = 3EE96C6FC3436C44A9BBE8B0 /* Pods_TheCatsLibraryTests.framework */; };
		423AF2802C7A2285B3470D1C /* Pods_TheCatsLibrary.framework in Frameworks */ = {isa = PBXBuildFile; fileRef = 8D395FB113C82D946197E230 /* Pods_TheCatsLibrary.framework */; };
		83B4D967C6CC1CBB4E4F04FF /* Pods_TheCatsLibrary_TheCatsLibraryUITests.framework in Frameworks */ = {isa = PBXBuildFile; fileRef = F684111DB03DCE4D2CCBBAA6 /* Pods_TheCatsLibrary_TheCatsLibraryUITests.framework */; };
		9463F4E224F4A89200186BDB /* CatsListProvider.swift in Sources */ = {isa = PBXBuildFile; fileRef = 9463F4E124F4A89200186BDB /* CatsListProvider.swift */; };
		9463F4FF24F4AB8E00186BDB /* CatsListPresenter.swift in Sources */ = {isa = PBXBuildFile; fileRef = 9463F4F924F4AB8E00186BDB /* CatsListPresenter.swift */; };
		9463F50024F4AB8E00186BDB /* CatsListWorker.swift in Sources */ = {isa = PBXBuildFile; fileRef = 9463F4FA24F4AB8E00186BDB /* CatsListWorker.swift */; };
		9463F50124F4AB8E00186BDB /* CatsListRouter.swift in Sources */ = {isa = PBXBuildFile; fileRef = 9463F4FB24F4AB8E00186BDB /* CatsListRouter.swift */; };
		9463F50224F4AB8E00186BDB /* CatsListModels.swift in Sources */ = {isa = PBXBuildFile; fileRef = 9463F4FC24F4AB8E00186BDB /* CatsListModels.swift */; };
		9463F50324F4AB8E00186BDB /* CatsListViewController.swift in Sources */ = {isa = PBXBuildFile; fileRef = 9463F4FD24F4AB8E00186BDB /* CatsListViewController.swift */; };
		9463F50424F4AB8E00186BDB /* CatsListInteractor.swift in Sources */ = {isa = PBXBuildFile; fileRef = 9463F4FE24F4AB8E00186BDB /* CatsListInteractor.swift */; };
		9463F50724F4B26900186BDB /* Cat.swift in Sources */ = {isa = PBXBuildFile; fileRef = 9463F50624F4B26900186BDB /* Cat.swift */; };
		946BFEDA24FA8E7D00DC974C /* ViewCodeProtocol.swift in Sources */ = {isa = PBXBuildFile; fileRef = 946BFED924FA8E7D00DC974C /* ViewCodeProtocol.swift */; };
		946BFEDE24FA9E1000DC974C /* LoadingView.swift in Sources */ = {isa = PBXBuildFile; fileRef = 946BFEDD24FA9E1000DC974C /* LoadingView.swift */; };
		946BFEE124FAA6FC00DC974C /* ViewControllerErrorProtocol.swift in Sources */ = {isa = PBXBuildFile; fileRef = 946BFEE024FAA6FC00DC974C /* ViewControllerErrorProtocol.swift */; };
		946BFEE324FAA72E00DC974C /* CommonTypes.swift in Sources */ = {isa = PBXBuildFile; fileRef = 946BFEE224FAA72E00DC974C /* CommonTypes.swift */; };
		946BFEE524FAA7B500DC974C /* Text.swift in Sources */ = {isa = PBXBuildFile; fileRef = 946BFEE424FAA7B500DC974C /* Text.swift */; };
		946BFEE724FAA80D00DC974C /* Localizable.strings in Resources */ = {isa = PBXBuildFile; fileRef = 946BFEE624FAA80D00DC974C /* Localizable.strings */; };
		94712DCE24F5EF7B003002C6 /* CatsListCell.swift in Sources */ = {isa = PBXBuildFile; fileRef = 94712DCC24F5EF7B003002C6 /* CatsListCell.swift */; };
		94712DD224F5F308003002C6 /* ReusableCells.swift in Sources */ = {isa = PBXBuildFile; fileRef = 94712DD124F5F308003002C6 /* ReusableCells.swift */; };
		949F4C4924F9FC4F00B52DCD /* Strings+Extensions.swift in Sources */ = {isa = PBXBuildFile; fileRef = 949F4C4824F9FC4F00B52DCD /* Strings+Extensions.swift */; };
		94F5BF5924F49E6F0005C3E6 /* AppDelegate.swift in Sources */ = {isa = PBXBuildFile; fileRef = 94F5BF5824F49E6F0005C3E6 /* AppDelegate.swift */; };
		94F5BF6224F49E6F0005C3E6 /* Assets.xcassets in Resources */ = {isa = PBXBuildFile; fileRef = 94F5BF6124F49E6F0005C3E6 /* Assets.xcassets */; };
		94F5BF6524F49E6F0005C3E6 /* LaunchScreen.storyboard in Resources */ = {isa = PBXBuildFile; fileRef = 94F5BF6324F49E6F0005C3E6 /* LaunchScreen.storyboard */; };
		94F5BF7024F49E6F0005C3E6 /* TheCatsLibraryTests.swift in Sources */ = {isa = PBXBuildFile; fileRef = 94F5BF6F24F49E6F0005C3E6 /* TheCatsLibraryTests.swift */; };
		94F5BF7B24F49E700005C3E6 /* TheCatsLibraryUITests.swift in Sources */ = {isa = PBXBuildFile; fileRef = 94F5BF7A24F49E700005C3E6 /* TheCatsLibraryUITests.swift */; };
		94F5BF9124F4A0CF0005C3E6 /* Logger.swift in Sources */ = {isa = PBXBuildFile; fileRef = 94F5BF8D24F4A0CF0005C3E6 /* Logger.swift */; };
		94F5BF9224F4A0CF0005C3E6 /* NetworkProvider.swift in Sources */ = {isa = PBXBuildFile; fileRef = 94F5BF8E24F4A0CF0005C3E6 /* NetworkProvider.swift */; };
		94F5BF9324F4A0CF0005C3E6 /* ServiceError.swift in Sources */ = {isa = PBXBuildFile; fileRef = 94F5BF8F24F4A0CF0005C3E6 /* ServiceError.swift */; };
		94F5BF9424F4A0CF0005C3E6 /* URLRequestProtocol.swift in Sources */ = {isa = PBXBuildFile; fileRef = 94F5BF9024F4A0CF0005C3E6 /* URLRequestProtocol.swift */; };
		94F5BF9624F4A1530005C3E6 /* ENV.swift in Sources */ = {isa = PBXBuildFile; fileRef = 94F5BF9524F4A1520005C3E6 /* ENV.swift */; };
		94F5BF9E24F4A5080005C3E6 /* CatsListViewController.xib in Resources */ = {isa = PBXBuildFile; fileRef = 94F5BF9C24F4A5080005C3E6 /* CatsListViewController.xib */; };
/* End PBXBuildFile section */

/* Begin PBXContainerItemProxy section */
		94F5BF6C24F49E6F0005C3E6 /* PBXContainerItemProxy */ = {
			isa = PBXContainerItemProxy;
			containerPortal = 94F5BF4D24F49E6F0005C3E6 /* Project object */;
			proxyType = 1;
			remoteGlobalIDString = 94F5BF5424F49E6F0005C3E6;
			remoteInfo = TheCatsLibrary;
		};
		94F5BF7724F49E700005C3E6 /* PBXContainerItemProxy */ = {
			isa = PBXContainerItemProxy;
			containerPortal = 94F5BF4D24F49E6F0005C3E6 /* Project object */;
			proxyType = 1;
			remoteGlobalIDString = 94F5BF5424F49E6F0005C3E6;
			remoteInfo = TheCatsLibrary;
		};
/* End PBXContainerItemProxy section */

/* Begin PBXFileReference section */
		11AE25F862BEA1B20368C2D3 /* Pods-TheCatsLibrary-TheCatsLibraryUITests.release.xcconfig */ = {isa = PBXFileReference; includeInIndex = 1; lastKnownFileType = text.xcconfig; name = "Pods-TheCatsLibrary-TheCatsLibraryUITests.release.xcconfig"; path = "Target Support Files/Pods-TheCatsLibrary-TheCatsLibraryUITests/Pods-TheCatsLibrary-TheCatsLibraryUITests.release.xcconfig"; sourceTree = "<group>"; };
		3EE96C6FC3436C44A9BBE8B0 /* Pods_TheCatsLibraryTests.framework */ = {isa = PBXFileReference; explicitFileType = wrapper.framework; includeInIndex = 0; path = Pods_TheCatsLibraryTests.framework; sourceTree = BUILT_PRODUCTS_DIR; };
		42236C5AEBC29DD0D92449D8 /* Pods-TheCatsLibrary.debug.xcconfig */ = {isa = PBXFileReference; includeInIndex = 1; lastKnownFileType = text.xcconfig; name = "Pods-TheCatsLibrary.debug.xcconfig"; path = "Target Support Files/Pods-TheCatsLibrary/Pods-TheCatsLibrary.debug.xcconfig"; sourceTree = "<group>"; };
		5CD64A1FDF983BC7ADA94F16 /* Pods-TheCatsLibrary.release.xcconfig */ = {isa = PBXFileReference; includeInIndex = 1; lastKnownFileType = text.xcconfig; name = "Pods-TheCatsLibrary.release.xcconfig"; path = "Target Support Files/Pods-TheCatsLibrary/Pods-TheCatsLibrary.release.xcconfig"; sourceTree = "<group>"; };
		88E5499B0179225858431037 /* Pods-TheCatsLibrary-TheCatsLibraryUITests.debug.xcconfig */ = {isa = PBXFileReference; includeInIndex = 1; lastKnownFileType = text.xcconfig; name = "Pods-TheCatsLibrary-TheCatsLibraryUITests.debug.xcconfig"; path = "Target Support Files/Pods-TheCatsLibrary-TheCatsLibraryUITests/Pods-TheCatsLibrary-TheCatsLibraryUITests.debug.xcconfig"; sourceTree = "<group>"; };
		8D395FB113C82D946197E230 /* Pods_TheCatsLibrary.framework */ = {isa = PBXFileReference; explicitFileType = wrapper.framework; includeInIndex = 0; path = Pods_TheCatsLibrary.framework; sourceTree = BUILT_PRODUCTS_DIR; };
		9463F4E124F4A89200186BDB /* CatsListProvider.swift */ = {isa = PBXFileReference; lastKnownFileType = sourcecode.swift; path = CatsListProvider.swift; sourceTree = "<group>"; };
		9463F4F924F4AB8E00186BDB /* CatsListPresenter.swift */ = {isa = PBXFileReference; lastKnownFileType = sourcecode.swift; path = CatsListPresenter.swift; sourceTree = "<group>"; };
		9463F4FA24F4AB8E00186BDB /* CatsListWorker.swift */ = {isa = PBXFileReference; lastKnownFileType = sourcecode.swift; path = CatsListWorker.swift; sourceTree = "<group>"; };
		9463F4FB24F4AB8E00186BDB /* CatsListRouter.swift */ = {isa = PBXFileReference; lastKnownFileType = sourcecode.swift; path = CatsListRouter.swift; sourceTree = "<group>"; };
		9463F4FC24F4AB8E00186BDB /* CatsListModels.swift */ = {isa = PBXFileReference; lastKnownFileType = sourcecode.swift; path = CatsListModels.swift; sourceTree = "<group>"; };
		9463F4FD24F4AB8E00186BDB /* CatsListViewController.swift */ = {isa = PBXFileReference; lastKnownFileType = sourcecode.swift; path = CatsListViewController.swift; sourceTree = "<group>"; };
		9463F4FE24F4AB8E00186BDB /* CatsListInteractor.swift */ = {isa = PBXFileReference; lastKnownFileType = sourcecode.swift; path = CatsListInteractor.swift; sourceTree = "<group>"; };
		9463F50624F4B26900186BDB /* Cat.swift */ = {isa = PBXFileReference; lastKnownFileType = sourcecode.swift; path = Cat.swift; sourceTree = "<group>"; };
		946BFED924FA8E7D00DC974C /* ViewCodeProtocol.swift */ = {isa = PBXFileReference; lastKnownFileType = sourcecode.swift; path = ViewCodeProtocol.swift; sourceTree = "<group>"; };
		946BFEDD24FA9E1000DC974C /* LoadingView.swift */ = {isa = PBXFileReference; lastKnownFileType = sourcecode.swift; path = LoadingView.swift; sourceTree = "<group>"; };
		946BFEE024FAA6FC00DC974C /* ViewControllerErrorProtocol.swift */ = {isa = PBXFileReference; lastKnownFileType = sourcecode.swift; path = ViewControllerErrorProtocol.swift; sourceTree = "<group>"; };
		946BFEE224FAA72E00DC974C /* CommonTypes.swift */ = {isa = PBXFileReference; fileEncoding = 4; lastKnownFileType = sourcecode.swift; path = CommonTypes.swift; sourceTree = "<group>"; };
		946BFEE424FAA7B500DC974C /* Text.swift */ = {isa = PBXFileReference; lastKnownFileType = sourcecode.swift; path = Text.swift; sourceTree = "<group>"; };
		946BFEE624FAA80D00DC974C /* Localizable.strings */ = {isa = PBXFileReference; lastKnownFileType = text.plist.strings; path = Localizable.strings; sourceTree = "<group>"; };
		94712DCC24F5EF7B003002C6 /* CatsListCell.swift */ = {isa = PBXFileReference; lastKnownFileType = sourcecode.swift; path = CatsListCell.swift; sourceTree = "<group>"; };
		94712DD124F5F308003002C6 /* ReusableCells.swift */ = {isa = PBXFileReference; fileEncoding = 4; lastKnownFileType = sourcecode.swift; path = ReusableCells.swift; sourceTree = "<group>"; };
		949F4C4824F9FC4F00B52DCD /* Strings+Extensions.swift */ = {isa = PBXFileReference; lastKnownFileType = sourcecode.swift; path = "Strings+Extensions.swift"; sourceTree = "<group>"; };
		94F5BF5524F49E6F0005C3E6 /* TheCatsLibrary.app */ = {isa = PBXFileReference; explicitFileType = wrapper.application; includeInIndex = 0; path = TheCatsLibrary.app; sourceTree = BUILT_PRODUCTS_DIR; };
		94F5BF5824F49E6F0005C3E6 /* AppDelegate.swift */ = {isa = PBXFileReference; lastKnownFileType = sourcecode.swift; path = AppDelegate.swift; sourceTree = "<group>"; };
		94F5BF6124F49E6F0005C3E6 /* Assets.xcassets */ = {isa = PBXFileReference; lastKnownFileType = folder.assetcatalog; path = Assets.xcassets; sourceTree = "<group>"; };
		94F5BF6424F49E6F0005C3E6 /* Base */ = {isa = PBXFileReference; lastKnownFileType = file.storyboard; name = Base; path = Base.lproj/LaunchScreen.storyboard; sourceTree = "<group>"; };
		94F5BF6624F49E6F0005C3E6 /* Info.plist */ = {isa = PBXFileReference; lastKnownFileType = text.plist.xml; path = Info.plist; sourceTree = "<group>"; };
		94F5BF6B24F49E6F0005C3E6 /* TheCatsLibraryTests.xctest */ = {isa = PBXFileReference; explicitFileType = wrapper.cfbundle; includeInIndex = 0; path = TheCatsLibraryTests.xctest; sourceTree = BUILT_PRODUCTS_DIR; };
		94F5BF6F24F49E6F0005C3E6 /* TheCatsLibraryTests.swift */ = {isa = PBXFileReference; lastKnownFileType = sourcecode.swift; path = TheCatsLibraryTests.swift; sourceTree = "<group>"; };
		94F5BF7124F49E700005C3E6 /* Info.plist */ = {isa = PBXFileReference; lastKnownFileType = text.plist.xml; path = Info.plist; sourceTree = "<group>"; };
		94F5BF7624F49E700005C3E6 /* TheCatsLibraryUITests.xctest */ = {isa = PBXFileReference; explicitFileType = wrapper.cfbundle; includeInIndex = 0; path = TheCatsLibraryUITests.xctest; sourceTree = BUILT_PRODUCTS_DIR; };
		94F5BF7A24F49E700005C3E6 /* TheCatsLibraryUITests.swift */ = {isa = PBXFileReference; lastKnownFileType = sourcecode.swift; path = TheCatsLibraryUITests.swift; sourceTree = "<group>"; };
		94F5BF7C24F49E700005C3E6 /* Info.plist */ = {isa = PBXFileReference; lastKnownFileType = text.plist.xml; path = Info.plist; sourceTree = "<group>"; };
		94F5BF8D24F4A0CF0005C3E6 /* Logger.swift */ = {isa = PBXFileReference; fileEncoding = 4; lastKnownFileType = sourcecode.swift; path = Logger.swift; sourceTree = "<group>"; };
		94F5BF8E24F4A0CF0005C3E6 /* NetworkProvider.swift */ = {isa = PBXFileReference; fileEncoding = 4; lastKnownFileType = sourcecode.swift; path = NetworkProvider.swift; sourceTree = "<group>"; };
		94F5BF8F24F4A0CF0005C3E6 /* ServiceError.swift */ = {isa = PBXFileReference; fileEncoding = 4; lastKnownFileType = sourcecode.swift; path = ServiceError.swift; sourceTree = "<group>"; };
		94F5BF9024F4A0CF0005C3E6 /* URLRequestProtocol.swift */ = {isa = PBXFileReference; fileEncoding = 4; lastKnownFileType = sourcecode.swift; path = URLRequestProtocol.swift; sourceTree = "<group>"; };
		94F5BF9524F4A1520005C3E6 /* ENV.swift */ = {isa = PBXFileReference; fileEncoding = 4; lastKnownFileType = sourcecode.swift; path = ENV.swift; sourceTree = "<group>"; };
		94F5BF9C24F4A5080005C3E6 /* CatsListViewController.xib */ = {isa = PBXFileReference; fileEncoding = 4; lastKnownFileType = file.xib; path = CatsListViewController.xib; sourceTree = "<group>"; };
		AB378DEAB7BD1A374488C2EB /* Pods-TheCatsLibraryTests.release.xcconfig */ = {isa = PBXFileReference; includeInIndex = 1; lastKnownFileType = text.xcconfig; name = "Pods-TheCatsLibraryTests.release.xcconfig"; path = "Target Support Files/Pods-TheCatsLibraryTests/Pods-TheCatsLibraryTests.release.xcconfig"; sourceTree = "<group>"; };
		C19DED07D5847E46967B77E8 /* Pods-TheCatsLibraryTests.debug.xcconfig */ = {isa = PBXFileReference; includeInIndex = 1; lastKnownFileType = text.xcconfig; name = "Pods-TheCatsLibraryTests.debug.xcconfig"; path = "Target Support Files/Pods-TheCatsLibraryTests/Pods-TheCatsLibraryTests.debug.xcconfig"; sourceTree = "<group>"; };
		F684111DB03DCE4D2CCBBAA6 /* Pods_TheCatsLibrary_TheCatsLibraryUITests.framework */ = {isa = PBXFileReference; explicitFileType = wrapper.framework; includeInIndex = 0; path = Pods_TheCatsLibrary_TheCatsLibraryUITests.framework; sourceTree = BUILT_PRODUCTS_DIR; };
/* End PBXFileReference section */

/* Begin PBXFrameworksBuildPhase section */
		94F5BF5224F49E6F0005C3E6 /* Frameworks */ = {
			isa = PBXFrameworksBuildPhase;
			buildActionMask = 2147483647;
			files = (
				423AF2802C7A2285B3470D1C /* Pods_TheCatsLibrary.framework in Frameworks */,
			);
			runOnlyForDeploymentPostprocessing = 0;
		};
		94F5BF6824F49E6F0005C3E6 /* Frameworks */ = {
			isa = PBXFrameworksBuildPhase;
			buildActionMask = 2147483647;
			files = (
				062C69D44D77C04283BE8494 /* Pods_TheCatsLibraryTests.framework in Frameworks */,
			);
			runOnlyForDeploymentPostprocessing = 0;
		};
		94F5BF7324F49E700005C3E6 /* Frameworks */ = {
			isa = PBXFrameworksBuildPhase;
			buildActionMask = 2147483647;
			files = (
				83B4D967C6CC1CBB4E4F04FF /* Pods_TheCatsLibrary_TheCatsLibraryUITests.framework in Frameworks */,
			);
			runOnlyForDeploymentPostprocessing = 0;
		};
/* End PBXFrameworksBuildPhase section */

/* Begin PBXGroup section */
		20E22771D8D2A89A971E5B37 /* Frameworks */ = {
			isa = PBXGroup;
			children = (
				8D395FB113C82D946197E230 /* Pods_TheCatsLibrary.framework */,
				F684111DB03DCE4D2CCBBAA6 /* Pods_TheCatsLibrary_TheCatsLibraryUITests.framework */,
				3EE96C6FC3436C44A9BBE8B0 /* Pods_TheCatsLibraryTests.framework */,
			);
			name = Frameworks;
			sourceTree = "<group>";
		};
		6305767C4CC236AF304CB29E /* Pods */ = {
			isa = PBXGroup;
			children = (
				42236C5AEBC29DD0D92449D8 /* Pods-TheCatsLibrary.debug.xcconfig */,
				5CD64A1FDF983BC7ADA94F16 /* Pods-TheCatsLibrary.release.xcconfig */,
				88E5499B0179225858431037 /* Pods-TheCatsLibrary-TheCatsLibraryUITests.debug.xcconfig */,
				11AE25F862BEA1B20368C2D3 /* Pods-TheCatsLibrary-TheCatsLibraryUITests.release.xcconfig */,
				C19DED07D5847E46967B77E8 /* Pods-TheCatsLibraryTests.debug.xcconfig */,
				AB378DEAB7BD1A374488C2EB /* Pods-TheCatsLibraryTests.release.xcconfig */,
			);
			path = Pods;
			sourceTree = "<group>";
		};
		9463F4E024F4A87E00186BDB /* Provider */ = {
			isa = PBXGroup;
			children = (
				9463F4E124F4A89200186BDB /* CatsListProvider.swift */,
			);
			path = Provider;
			sourceTree = "<group>";
		};
		9463F50524F4B25B00186BDB /* Models */ = {
			isa = PBXGroup;
			children = (
				9463F50624F4B26900186BDB /* Cat.swift */,
			);
			path = Models;
			sourceTree = "<group>";
		};
		946BFEDF24FAA6E900DC974C /* Protocols */ = {
			isa = PBXGroup;
			children = (
				946BFED924FA8E7D00DC974C /* ViewCodeProtocol.swift */,
				946BFEE024FAA6FC00DC974C /* ViewControllerErrorProtocol.swift */,
			);
			path = Protocols;
			sourceTree = "<group>";
		};
		94712DCB24F5EF60003002C6 /* Views */ = {
			isa = PBXGroup;
			children = (
				94712DCC24F5EF7B003002C6 /* CatsListCell.swift */,
				946BFEDD24FA9E1000DC974C /* LoadingView.swift */,
			);
			path = Views;
			sourceTree = "<group>";
		};
		94712DD024F5F300003002C6 /* Configuration */ = {
			isa = PBXGroup;
			children = (
				946BFEE224FAA72E00DC974C /* CommonTypes.swift */,
				94712DD124F5F308003002C6 /* ReusableCells.swift */,
			);
			path = Configuration;
			sourceTree = "<group>";
		};
		949F4C4724F9FC3300B52DCD /* Extensions */ = {
			isa = PBXGroup;
			children = (
				949F4C4824F9FC4F00B52DCD /* Strings+Extensions.swift */,
			);
			path = Extensions;
			sourceTree = "<group>";
		};
		94F5BF4C24F49E6F0005C3E6 = {
			isa = PBXGroup;
			children = (
				94F5BF5724F49E6F0005C3E6 /* TheCatsLibrary */,
				94F5BF6E24F49E6F0005C3E6 /* TheCatsLibraryTests */,
				94F5BF7924F49E700005C3E6 /* TheCatsLibraryUITests */,
				94F5BF5624F49E6F0005C3E6 /* Products */,
				6305767C4CC236AF304CB29E /* Pods */,
				20E22771D8D2A89A971E5B37 /* Frameworks */,
			);
			sourceTree = "<group>";
		};
		94F5BF5624F49E6F0005C3E6 /* Products */ = {
			isa = PBXGroup;
			children = (
				94F5BF5524F49E6F0005C3E6 /* TheCatsLibrary.app */,
				94F5BF6B24F49E6F0005C3E6 /* TheCatsLibraryTests.xctest */,
				94F5BF7624F49E700005C3E6 /* TheCatsLibraryUITests.xctest */,
			);
			name = Products;
			sourceTree = "<group>";
		};
		94F5BF5724F49E6F0005C3E6 /* TheCatsLibrary */ = {
			isa = PBXGroup;
			children = (
				94F5BF8B24F49EBA0005C3E6 /* Source */,
				94F5BF8A24F49EB50005C3E6 /* Resources */,
				94F5BF8924F49EAD0005C3E6 /* Supporting Files */,
				94F5BF8824F49EA70005C3E6 /* Common */,
			);
			path = TheCatsLibrary;
			sourceTree = "<group>";
		};
		94F5BF6E24F49E6F0005C3E6 /* TheCatsLibraryTests */ = {
			isa = PBXGroup;
			children = (
				94F5BF6F24F49E6F0005C3E6 /* TheCatsLibraryTests.swift */,
				94F5BF7124F49E700005C3E6 /* Info.plist */,
			);
			path = TheCatsLibraryTests;
			sourceTree = "<group>";
		};
		94F5BF7924F49E700005C3E6 /* TheCatsLibraryUITests */ = {
			isa = PBXGroup;
			children = (
				94F5BF7A24F49E700005C3E6 /* TheCatsLibraryUITests.swift */,
				94F5BF7C24F49E700005C3E6 /* Info.plist */,
			);
			path = TheCatsLibraryUITests;
			sourceTree = "<group>";
		};
		94F5BF8824F49EA70005C3E6 /* Common */ = {
			isa = PBXGroup;
			children = (
				946BFEDF24FAA6E900DC974C /* Protocols */,
				949F4C4724F9FC3300B52DCD /* Extensions */,
				94712DD024F5F300003002C6 /* Configuration */,
				9463F50524F4B25B00186BDB /* Models */,
				94F5BF8C24F4A0CF0005C3E6 /* Network */,
			);
			path = Common;
			sourceTree = "<group>";
		};
		94F5BF8924F49EAD0005C3E6 /* Supporting Files */ = {
			isa = PBXGroup;
			children = (
				94F5BF9524F4A1520005C3E6 /* ENV.swift */,
				94F5BF5824F49E6F0005C3E6 /* AppDelegate.swift */,
				94F5BF6324F49E6F0005C3E6 /* LaunchScreen.storyboard */,
				94F5BF6624F49E6F0005C3E6 /* Info.plist */,
			);
			path = "Supporting Files";
			sourceTree = "<group>";
		};
		94F5BF8A24F49EB50005C3E6 /* Resources */ = {
			isa = PBXGroup;
			children = (
				94F5BF6124F49E6F0005C3E6 /* Assets.xcassets */,
				946BFEE424FAA7B500DC974C /* Text.swift */,
				946BFEE624FAA80D00DC974C /* Localizable.strings */,
			);
			path = Resources;
			sourceTree = "<group>";
		};
		94F5BF8B24F49EBA0005C3E6 /* Source */ = {
			isa = PBXGroup;
			children = (
				94F5BF9B24F4A5080005C3E6 /* CatsList */,
			);
			path = Source;
			sourceTree = "<group>";
		};
		94F5BF8C24F4A0CF0005C3E6 /* Network */ = {
			isa = PBXGroup;
			children = (
				94F5BF8D24F4A0CF0005C3E6 /* Logger.swift */,
				94F5BF8E24F4A0CF0005C3E6 /* NetworkProvider.swift */,
				94F5BF8F24F4A0CF0005C3E6 /* ServiceError.swift */,
				94F5BF9024F4A0CF0005C3E6 /* URLRequestProtocol.swift */,
			);
			path = Network;
			sourceTree = "<group>";
		};
		94F5BF9B24F4A5080005C3E6 /* CatsList */ = {
			isa = PBXGroup;
			children = (
				94712DCB24F5EF60003002C6 /* Views */,
				9463F4E024F4A87E00186BDB /* Provider */,
				9463F4FA24F4AB8E00186BDB /* CatsListWorker.swift */,
				9463F4FB24F4AB8E00186BDB /* CatsListRouter.swift */,
				9463F4FC24F4AB8E00186BDB /* CatsListModels.swift */,
				9463F4FE24F4AB8E00186BDB /* CatsListInteractor.swift */,
				9463F4F924F4AB8E00186BDB /* CatsListPresenter.swift */,
				9463F4FD24F4AB8E00186BDB /* CatsListViewController.swift */,
				94F5BF9C24F4A5080005C3E6 /* CatsListViewController.xib */,
			);
			path = CatsList;
			sourceTree = "<group>";
		};
/* End PBXGroup section */

/* Begin PBXNativeTarget section */
		94F5BF5424F49E6F0005C3E6 /* TheCatsLibrary */ = {
			isa = PBXNativeTarget;
			buildConfigurationList = 94F5BF7F24F49E700005C3E6 /* Build configuration list for PBXNativeTarget "TheCatsLibrary" */;
			buildPhases = (
				AAA66BD933015E0F6E535F38 /* [CP] Check Pods Manifest.lock */,
				94F5BF5124F49E6F0005C3E6 /* Sources */,
				94F5BF5224F49E6F0005C3E6 /* Frameworks */,
				94F5BF5324F49E6F0005C3E6 /* Resources */,
				FA52A369D7F4ED62022B8A48 /* [CP] Embed Pods Frameworks */,
			);
			buildRules = (
			);
			dependencies = (
			);
			name = TheCatsLibrary;
			productName = TheCatsLibrary;
			productReference = 94F5BF5524F49E6F0005C3E6 /* TheCatsLibrary.app */;
			productType = "com.apple.product-type.application";
		};
		94F5BF6A24F49E6F0005C3E6 /* TheCatsLibraryTests */ = {
			isa = PBXNativeTarget;
			buildConfigurationList = 94F5BF8224F49E700005C3E6 /* Build configuration list for PBXNativeTarget "TheCatsLibraryTests" */;
			buildPhases = (
				15976D0DB4DEC1F09250CB7B /* [CP] Check Pods Manifest.lock */,
				94F5BF6724F49E6F0005C3E6 /* Sources */,
				94F5BF6824F49E6F0005C3E6 /* Frameworks */,
				94F5BF6924F49E6F0005C3E6 /* Resources */,
				37CEC3BC645C7E744B18EA71 /* [CP] Embed Pods Frameworks */,
			);
			buildRules = (
			);
			dependencies = (
				94F5BF6D24F49E6F0005C3E6 /* PBXTargetDependency */,
			);
			name = TheCatsLibraryTests;
			productName = TheCatsLibraryTests;
			productReference = 94F5BF6B24F49E6F0005C3E6 /* TheCatsLibraryTests.xctest */;
			productType = "com.apple.product-type.bundle.unit-test";
		};
		94F5BF7524F49E700005C3E6 /* TheCatsLibraryUITests */ = {
			isa = PBXNativeTarget;
			buildConfigurationList = 94F5BF8524F49E700005C3E6 /* Build configuration list for PBXNativeTarget "TheCatsLibraryUITests" */;
			buildPhases = (
				676D13C2C3FEBDCA551CC6C2 /* [CP] Check Pods Manifest.lock */,
				94F5BF7224F49E700005C3E6 /* Sources */,
				94F5BF7324F49E700005C3E6 /* Frameworks */,
				94F5BF7424F49E700005C3E6 /* Resources */,
				983F36A26807DCB374905DD0 /* [CP] Embed Pods Frameworks */,
			);
			buildRules = (
			);
			dependencies = (
				94F5BF7824F49E700005C3E6 /* PBXTargetDependency */,
			);
			name = TheCatsLibraryUITests;
			productName = TheCatsLibraryUITests;
			productReference = 94F5BF7624F49E700005C3E6 /* TheCatsLibraryUITests.xctest */;
			productType = "com.apple.product-type.bundle.ui-testing";
		};
/* End PBXNativeTarget section */

/* Begin PBXProject section */
		94F5BF4D24F49E6F0005C3E6 /* Project object */ = {
			isa = PBXProject;
			attributes = {
				LastSwiftUpdateCheck = 1160;
				LastUpgradeCheck = 1160;
				ORGANIZATIONNAME = "Mauro Coletes";
				TargetAttributes = {
					94F5BF5424F49E6F0005C3E6 = {
						CreatedOnToolsVersion = 11.6;
					};
					94F5BF6A24F49E6F0005C3E6 = {
						CreatedOnToolsVersion = 11.6;
						TestTargetID = 94F5BF5424F49E6F0005C3E6;
					};
					94F5BF7524F49E700005C3E6 = {
						CreatedOnToolsVersion = 11.6;
						TestTargetID = 94F5BF5424F49E6F0005C3E6;
					};
				};
			};
			buildConfigurationList = 94F5BF5024F49E6F0005C3E6 /* Build configuration list for PBXProject "TheCatsLibrary" */;
			compatibilityVersion = "Xcode 9.3";
			developmentRegion = en;
			hasScannedForEncodings = 0;
			knownRegions = (
				en,
				Base,
			);
			mainGroup = 94F5BF4C24F49E6F0005C3E6;
			productRefGroup = 94F5BF5624F49E6F0005C3E6 /* Products */;
			projectDirPath = "";
			projectRoot = "";
			targets = (
				94F5BF5424F49E6F0005C3E6 /* TheCatsLibrary */,
				94F5BF6A24F49E6F0005C3E6 /* TheCatsLibraryTests */,
				94F5BF7524F49E700005C3E6 /* TheCatsLibraryUITests */,
			);
		};
/* End PBXProject section */

/* Begin PBXResourcesBuildPhase section */
		94F5BF5324F49E6F0005C3E6 /* Resources */ = {
			isa = PBXResourcesBuildPhase;
			buildActionMask = 2147483647;
			files = (
				94F5BF6524F49E6F0005C3E6 /* LaunchScreen.storyboard in Resources */,
				946BFEE724FAA80D00DC974C /* Localizable.strings in Resources */,
				94F5BF6224F49E6F0005C3E6 /* Assets.xcassets in Resources */,
				94F5BF9E24F4A5080005C3E6 /* CatsListViewController.xib in Resources */,
			);
			runOnlyForDeploymentPostprocessing = 0;
		};
		94F5BF6924F49E6F0005C3E6 /* Resources */ = {
			isa = PBXResourcesBuildPhase;
			buildActionMask = 2147483647;
			files = (
			);
			runOnlyForDeploymentPostprocessing = 0;
		};
		94F5BF7424F49E700005C3E6 /* Resources */ = {
			isa = PBXResourcesBuildPhase;
			buildActionMask = 2147483647;
			files = (
			);
			runOnlyForDeploymentPostprocessing = 0;
		};
/* End PBXResourcesBuildPhase section */

/* Begin PBXShellScriptBuildPhase section */
		15976D0DB4DEC1F09250CB7B /* [CP] Check Pods Manifest.lock */ = {
			isa = PBXShellScriptBuildPhase;
			buildActionMask = 2147483647;
			files = (
			);
			inputFileListPaths = (
			);
			inputPaths = (
				"${PODS_PODFILE_DIR_PATH}/Podfile.lock",
				"${PODS_ROOT}/Manifest.lock",
			);
			name = "[CP] Check Pods Manifest.lock";
			outputFileListPaths = (
			);
			outputPaths = (
				"$(DERIVED_FILE_DIR)/Pods-TheCatsLibraryTests-checkManifestLockResult.txt",
			);
			runOnlyForDeploymentPostprocessing = 0;
			shellPath = /bin/sh;
			shellScript = "diff \"${PODS_PODFILE_DIR_PATH}/Podfile.lock\" \"${PODS_ROOT}/Manifest.lock\" > /dev/null\nif [ $? != 0 ] ; then\n    # print error to STDERR\n    echo \"error: The sandbox is not in sync with the Podfile.lock. Run 'pod install' or update your CocoaPods installation.\" >&2\n    exit 1\nfi\n# This output is used by Xcode 'outputs' to avoid re-running this script phase.\necho \"SUCCESS\" > \"${SCRIPT_OUTPUT_FILE_0}\"\n";
			showEnvVarsInLog = 0;
		};
		37CEC3BC645C7E744B18EA71 /* [CP] Embed Pods Frameworks */ = {
			isa = PBXShellScriptBuildPhase;
			buildActionMask = 2147483647;
			files = (
			);
			inputFileListPaths = (
				"${PODS_ROOT}/Target Support Files/Pods-TheCatsLibraryTests/Pods-TheCatsLibraryTests-frameworks-${CONFIGURATION}-input-files.xcfilelist",
			);
			name = "[CP] Embed Pods Frameworks";
			outputFileListPaths = (
				"${PODS_ROOT}/Target Support Files/Pods-TheCatsLibraryTests/Pods-TheCatsLibraryTests-frameworks-${CONFIGURATION}-output-files.xcfilelist",
			);
			runOnlyForDeploymentPostprocessing = 0;
			shellPath = /bin/sh;
			shellScript = "\"${PODS_ROOT}/Target Support Files/Pods-TheCatsLibraryTests/Pods-TheCatsLibraryTests-frameworks.sh\"\n";
			showEnvVarsInLog = 0;
		};
		676D13C2C3FEBDCA551CC6C2 /* [CP] Check Pods Manifest.lock */ = {
			isa = PBXShellScriptBuildPhase;
			buildActionMask = 2147483647;
			files = (
			);
			inputFileListPaths = (
			);
			inputPaths = (
				"${PODS_PODFILE_DIR_PATH}/Podfile.lock",
				"${PODS_ROOT}/Manifest.lock",
			);
			name = "[CP] Check Pods Manifest.lock";
			outputFileListPaths = (
			);
			outputPaths = (
				"$(DERIVED_FILE_DIR)/Pods-TheCatsLibrary-TheCatsLibraryUITests-checkManifestLockResult.txt",
			);
			runOnlyForDeploymentPostprocessing = 0;
			shellPath = /bin/sh;
			shellScript = "diff \"${PODS_PODFILE_DIR_PATH}/Podfile.lock\" \"${PODS_ROOT}/Manifest.lock\" > /dev/null\nif [ $? != 0 ] ; then\n    # print error to STDERR\n    echo \"error: The sandbox is not in sync with the Podfile.lock. Run 'pod install' or update your CocoaPods installation.\" >&2\n    exit 1\nfi\n# This output is used by Xcode 'outputs' to avoid re-running this script phase.\necho \"SUCCESS\" > \"${SCRIPT_OUTPUT_FILE_0}\"\n";
			showEnvVarsInLog = 0;
		};
		983F36A26807DCB374905DD0 /* [CP] Embed Pods Frameworks */ = {
			isa = PBXShellScriptBuildPhase;
			buildActionMask = 2147483647;
			files = (
			);
			inputFileListPaths = (
				"${PODS_ROOT}/Target Support Files/Pods-TheCatsLibrary-TheCatsLibraryUITests/Pods-TheCatsLibrary-TheCatsLibraryUITests-frameworks-${CONFIGURATION}-input-files.xcfilelist",
			);
			name = "[CP] Embed Pods Frameworks";
			outputFileListPaths = (
				"${PODS_ROOT}/Target Support Files/Pods-TheCatsLibrary-TheCatsLibraryUITests/Pods-TheCatsLibrary-TheCatsLibraryUITests-frameworks-${CONFIGURATION}-output-files.xcfilelist",
			);
			runOnlyForDeploymentPostprocessing = 0;
			shellPath = /bin/sh;
			shellScript = "\"${PODS_ROOT}/Target Support Files/Pods-TheCatsLibrary-TheCatsLibraryUITests/Pods-TheCatsLibrary-TheCatsLibraryUITests-frameworks.sh\"\n";
			showEnvVarsInLog = 0;
		};
		AAA66BD933015E0F6E535F38 /* [CP] Check Pods Manifest.lock */ = {
			isa = PBXShellScriptBuildPhase;
			buildActionMask = 2147483647;
			files = (
			);
			inputFileListPaths = (
			);
			inputPaths = (
				"${PODS_PODFILE_DIR_PATH}/Podfile.lock",
				"${PODS_ROOT}/Manifest.lock",
			);
			name = "[CP] Check Pods Manifest.lock";
			outputFileListPaths = (
			);
			outputPaths = (
				"$(DERIVED_FILE_DIR)/Pods-TheCatsLibrary-checkManifestLockResult.txt",
			);
			runOnlyForDeploymentPostprocessing = 0;
			shellPath = /bin/sh;
			shellScript = "diff \"${PODS_PODFILE_DIR_PATH}/Podfile.lock\" \"${PODS_ROOT}/Manifest.lock\" > /dev/null\nif [ $? != 0 ] ; then\n    # print error to STDERR\n    echo \"error: The sandbox is not in sync with the Podfile.lock. Run 'pod install' or update your CocoaPods installation.\" >&2\n    exit 1\nfi\n# This output is used by Xcode 'outputs' to avoid re-running this script phase.\necho \"SUCCESS\" > \"${SCRIPT_OUTPUT_FILE_0}\"\n";
			showEnvVarsInLog = 0;
		};
		FA52A369D7F4ED62022B8A48 /* [CP] Embed Pods Frameworks */ = {
			isa = PBXShellScriptBuildPhase;
			buildActionMask = 2147483647;
			files = (
			);
			inputFileListPaths = (
				"${PODS_ROOT}/Target Support Files/Pods-TheCatsLibrary/Pods-TheCatsLibrary-frameworks-${CONFIGURATION}-input-files.xcfilelist",
			);
			name = "[CP] Embed Pods Frameworks";
			outputFileListPaths = (
				"${PODS_ROOT}/Target Support Files/Pods-TheCatsLibrary/Pods-TheCatsLibrary-frameworks-${CONFIGURATION}-output-files.xcfilelist",
			);
			runOnlyForDeploymentPostprocessing = 0;
			shellPath = /bin/sh;
			shellScript = "\"${PODS_ROOT}/Target Support Files/Pods-TheCatsLibrary/Pods-TheCatsLibrary-frameworks.sh\"\n";
			showEnvVarsInLog = 0;
		};
/* End PBXShellScriptBuildPhase section */

/* Begin PBXSourcesBuildPhase section */
		94F5BF5124F49E6F0005C3E6 /* Sources */ = {
			isa = PBXSourcesBuildPhase;
			buildActionMask = 2147483647;
			files = (
				94F5BF9324F4A0CF0005C3E6 /* ServiceError.swift in Sources */,
				9463F50024F4AB8E00186BDB /* CatsListWorker.swift in Sources */,
				946BFEDA24FA8E7D00DC974C /* ViewCodeProtocol.swift in Sources */,
				9463F4FF24F4AB8E00186BDB /* CatsListPresenter.swift in Sources */,
				9463F50224F4AB8E00186BDB /* CatsListModels.swift in Sources */,
				946BFEE124FAA6FC00DC974C /* ViewControllerErrorProtocol.swift in Sources */,
				94712DD224F5F308003002C6 /* ReusableCells.swift in Sources */,
				94F5BF5924F49E6F0005C3E6 /* AppDelegate.swift in Sources */,
				946BFEE324FAA72E00DC974C /* CommonTypes.swift in Sources */,
				949F4C4924F9FC4F00B52DCD /* Strings+Extensions.swift in Sources */,
				9463F50324F4AB8E00186BDB /* CatsListViewController.swift in Sources */,
				9463F50424F4AB8E00186BDB /* CatsListInteractor.swift in Sources */,
				94712DCE24F5EF7B003002C6 /* CatsListCell.swift in Sources */,
				94F5BF9424F4A0CF0005C3E6 /* URLRequestProtocol.swift in Sources */,
				9463F50724F4B26900186BDB /* Cat.swift in Sources */,
				9463F4E224F4A89200186BDB /* CatsListProvider.swift in Sources */,
				94F5BF9624F4A1530005C3E6 /* ENV.swift in Sources */,
				946BFEDE24FA9E1000DC974C /* LoadingView.swift in Sources */,
				94F5BF9124F4A0CF0005C3E6 /* Logger.swift in Sources */,
				94F5BF9224F4A0CF0005C3E6 /* NetworkProvider.swift in Sources */,
				946BFEE524FAA7B500DC974C /* Text.swift in Sources */,
				9463F50124F4AB8E00186BDB /* CatsListRouter.swift in Sources */,
			);
			runOnlyForDeploymentPostprocessing = 0;
		};
		94F5BF6724F49E6F0005C3E6 /* Sources */ = {
			isa = PBXSourcesBuildPhase;
			buildActionMask = 2147483647;
			files = (
				94F5BF7024F49E6F0005C3E6 /* TheCatsLibraryTests.swift in Sources */,
			);
			runOnlyForDeploymentPostprocessing = 0;
		};
		94F5BF7224F49E700005C3E6 /* Sources */ = {
			isa = PBXSourcesBuildPhase;
			buildActionMask = 2147483647;
			files = (
				94F5BF7B24F49E700005C3E6 /* TheCatsLibraryUITests.swift in Sources */,
			);
			runOnlyForDeploymentPostprocessing = 0;
		};
/* End PBXSourcesBuildPhase section */

/* Begin PBXTargetDependency section */
		94F5BF6D24F49E6F0005C3E6 /* PBXTargetDependency */ = {
			isa = PBXTargetDependency;
			target = 94F5BF5424F49E6F0005C3E6 /* TheCatsLibrary */;
			targetProxy = 94F5BF6C24F49E6F0005C3E6 /* PBXContainerItemProxy */;
		};
		94F5BF7824F49E700005C3E6 /* PBXTargetDependency */ = {
			isa = PBXTargetDependency;
			target = 94F5BF5424F49E6F0005C3E6 /* TheCatsLibrary */;
			targetProxy = 94F5BF7724F49E700005C3E6 /* PBXContainerItemProxy */;
		};
/* End PBXTargetDependency section */

/* Begin PBXVariantGroup section */
		94F5BF6324F49E6F0005C3E6 /* LaunchScreen.storyboard */ = {
			isa = PBXVariantGroup;
			children = (
				94F5BF6424F49E6F0005C3E6 /* Base */,
			);
			name = LaunchScreen.storyboard;
			sourceTree = "<group>";
		};
/* End PBXVariantGroup section */

/* Begin XCBuildConfiguration section */
		94F5BF7D24F49E700005C3E6 /* Debug */ = {
			isa = XCBuildConfiguration;
			buildSettings = {
				ALWAYS_SEARCH_USER_PATHS = NO;
				CLANG_ANALYZER_NONNULL = YES;
				CLANG_ANALYZER_NUMBER_OBJECT_CONVERSION = YES_AGGRESSIVE;
				CLANG_CXX_LANGUAGE_STANDARD = "gnu++14";
				CLANG_CXX_LIBRARY = "libc++";
				CLANG_ENABLE_MODULES = YES;
				CLANG_ENABLE_OBJC_ARC = YES;
				CLANG_ENABLE_OBJC_WEAK = YES;
				CLANG_WARN_BLOCK_CAPTURE_AUTORELEASING = YES;
				CLANG_WARN_BOOL_CONVERSION = YES;
				CLANG_WARN_COMMA = YES;
				CLANG_WARN_CONSTANT_CONVERSION = YES;
				CLANG_WARN_DEPRECATED_OBJC_IMPLEMENTATIONS = YES;
				CLANG_WARN_DIRECT_OBJC_ISA_USAGE = YES_ERROR;
				CLANG_WARN_DOCUMENTATION_COMMENTS = YES;
				CLANG_WARN_EMPTY_BODY = YES;
				CLANG_WARN_ENUM_CONVERSION = YES;
				CLANG_WARN_INFINITE_RECURSION = YES;
				CLANG_WARN_INT_CONVERSION = YES;
				CLANG_WARN_NON_LITERAL_NULL_CONVERSION = YES;
				CLANG_WARN_OBJC_IMPLICIT_RETAIN_SELF = YES;
				CLANG_WARN_OBJC_LITERAL_CONVERSION = YES;
				CLANG_WARN_OBJC_ROOT_CLASS = YES_ERROR;
				CLANG_WARN_RANGE_LOOP_ANALYSIS = YES;
				CLANG_WARN_STRICT_PROTOTYPES = YES;
				CLANG_WARN_SUSPICIOUS_MOVE = YES;
				CLANG_WARN_UNGUARDED_AVAILABILITY = YES_AGGRESSIVE;
				CLANG_WARN_UNREACHABLE_CODE = YES;
				CLANG_WARN__DUPLICATE_METHOD_MATCH = YES;
				COPY_PHASE_STRIP = NO;
				DEBUG_INFORMATION_FORMAT = dwarf;
				ENABLE_STRICT_OBJC_MSGSEND = YES;
				ENABLE_TESTABILITY = YES;
				GCC_C_LANGUAGE_STANDARD = gnu11;
				GCC_DYNAMIC_NO_PIC = NO;
				GCC_NO_COMMON_BLOCKS = YES;
				GCC_OPTIMIZATION_LEVEL = 0;
				GCC_PREPROCESSOR_DEFINITIONS = (
					"DEBUG=1",
					"$(inherited)",
				);
				GCC_WARN_64_TO_32_BIT_CONVERSION = YES;
				GCC_WARN_ABOUT_RETURN_TYPE = YES_ERROR;
				GCC_WARN_UNDECLARED_SELECTOR = YES;
				GCC_WARN_UNINITIALIZED_AUTOS = YES_AGGRESSIVE;
				GCC_WARN_UNUSED_FUNCTION = YES;
				GCC_WARN_UNUSED_VARIABLE = YES;
				IPHONEOS_DEPLOYMENT_TARGET = 13.6;
				MTL_ENABLE_DEBUG_INFO = INCLUDE_SOURCE;
				MTL_FAST_MATH = YES;
				ONLY_ACTIVE_ARCH = YES;
				SDKROOT = iphoneos;
				SWIFT_ACTIVE_COMPILATION_CONDITIONS = DEBUG;
				SWIFT_OPTIMIZATION_LEVEL = "-Onone";
			};
			name = Debug;
		};
		94F5BF7E24F49E700005C3E6 /* Release */ = {
			isa = XCBuildConfiguration;
			buildSettings = {
				ALWAYS_SEARCH_USER_PATHS = NO;
				CLANG_ANALYZER_NONNULL = YES;
				CLANG_ANALYZER_NUMBER_OBJECT_CONVERSION = YES_AGGRESSIVE;
				CLANG_CXX_LANGUAGE_STANDARD = "gnu++14";
				CLANG_CXX_LIBRARY = "libc++";
				CLANG_ENABLE_MODULES = YES;
				CLANG_ENABLE_OBJC_ARC = YES;
				CLANG_ENABLE_OBJC_WEAK = YES;
				CLANG_WARN_BLOCK_CAPTURE_AUTORELEASING = YES;
				CLANG_WARN_BOOL_CONVERSION = YES;
				CLANG_WARN_COMMA = YES;
				CLANG_WARN_CONSTANT_CONVERSION = YES;
				CLANG_WARN_DEPRECATED_OBJC_IMPLEMENTATIONS = YES;
				CLANG_WARN_DIRECT_OBJC_ISA_USAGE = YES_ERROR;
				CLANG_WARN_DOCUMENTATION_COMMENTS = YES;
				CLANG_WARN_EMPTY_BODY = YES;
				CLANG_WARN_ENUM_CONVERSION = YES;
				CLANG_WARN_INFINITE_RECURSION = YES;
				CLANG_WARN_INT_CONVERSION = YES;
				CLANG_WARN_NON_LITERAL_NULL_CONVERSION = YES;
				CLANG_WARN_OBJC_IMPLICIT_RETAIN_SELF = YES;
				CLANG_WARN_OBJC_LITERAL_CONVERSION = YES;
				CLANG_WARN_OBJC_ROOT_CLASS = YES_ERROR;
				CLANG_WARN_RANGE_LOOP_ANALYSIS = YES;
				CLANG_WARN_STRICT_PROTOTYPES = YES;
				CLANG_WARN_SUSPICIOUS_MOVE = YES;
				CLANG_WARN_UNGUARDED_AVAILABILITY = YES_AGGRESSIVE;
				CLANG_WARN_UNREACHABLE_CODE = YES;
				CLANG_WARN__DUPLICATE_METHOD_MATCH = YES;
				COPY_PHASE_STRIP = NO;
				DEBUG_INFORMATION_FORMAT = "dwarf-with-dsym";
				ENABLE_NS_ASSERTIONS = NO;
				ENABLE_STRICT_OBJC_MSGSEND = YES;
				GCC_C_LANGUAGE_STANDARD = gnu11;
				GCC_NO_COMMON_BLOCKS = YES;
				GCC_WARN_64_TO_32_BIT_CONVERSION = YES;
				GCC_WARN_ABOUT_RETURN_TYPE = YES_ERROR;
				GCC_WARN_UNDECLARED_SELECTOR = YES;
				GCC_WARN_UNINITIALIZED_AUTOS = YES_AGGRESSIVE;
				GCC_WARN_UNUSED_FUNCTION = YES;
				GCC_WARN_UNUSED_VARIABLE = YES;
				IPHONEOS_DEPLOYMENT_TARGET = 13.6;
				MTL_ENABLE_DEBUG_INFO = NO;
				MTL_FAST_MATH = YES;
				SDKROOT = iphoneos;
				SWIFT_COMPILATION_MODE = wholemodule;
				SWIFT_OPTIMIZATION_LEVEL = "-O";
				VALIDATE_PRODUCT = YES;
			};
			name = Release;
		};
		94F5BF8024F49E700005C3E6 /* Debug */ = {
			isa = XCBuildConfiguration;
			baseConfigurationReference = 42236C5AEBC29DD0D92449D8 /* Pods-TheCatsLibrary.debug.xcconfig */;
			buildSettings = {
				ASSETCATALOG_COMPILER_APPICON_NAME = AppIcon;
				CODE_SIGN_STYLE = Automatic;
				INFOPLIST_FILE = "TheCatsLibrary/Supporting Files/Info.plist";
				LD_RUNPATH_SEARCH_PATHS = (
					"$(inherited)",
					"@executable_path/Frameworks",
				);
				PRODUCT_BUNDLE_IDENTIFIER = com.msc.TheCatsLibrary;
				PRODUCT_NAME = "$(TARGET_NAME)";
				SWIFT_VERSION = 5.0;
				TARGETED_DEVICE_FAMILY = "1,2";
			};
			name = Debug;
		};
		94F5BF8124F49E700005C3E6 /* Release */ = {
			isa = XCBuildConfiguration;
			baseConfigurationReference = 5CD64A1FDF983BC7ADA94F16 /* Pods-TheCatsLibrary.release.xcconfig */;
			buildSettings = {
				ASSETCATALOG_COMPILER_APPICON_NAME = AppIcon;
				CODE_SIGN_STYLE = Automatic;
				INFOPLIST_FILE = "TheCatsLibrary/Supporting Files/Info.plist";
				LD_RUNPATH_SEARCH_PATHS = (
					"$(inherited)",
					"@executable_path/Frameworks",
				);
				PRODUCT_BUNDLE_IDENTIFIER = com.msc.TheCatsLibrary;
				PRODUCT_NAME = "$(TARGET_NAME)";
				SWIFT_VERSION = 5.0;
				TARGETED_DEVICE_FAMILY = "1,2";
			};
			name = Release;
		};
		94F5BF8324F49E700005C3E6 /* Debug */ = {
			isa = XCBuildConfiguration;
			baseConfigurationReference = C19DED07D5847E46967B77E8 /* Pods-TheCatsLibraryTests.debug.xcconfig */;
			buildSettings = {
				ALWAYS_EMBED_SWIFT_STANDARD_LIBRARIES = YES;
				BUNDLE_LOADER = "$(TEST_HOST)";
				CODE_SIGN_STYLE = Automatic;
				INFOPLIST_FILE = TheCatsLibraryTests/Info.plist;
				IPHONEOS_DEPLOYMENT_TARGET = 13.6;
				LD_RUNPATH_SEARCH_PATHS = (
					"$(inherited)",
					"@executable_path/Frameworks",
					"@loader_path/Frameworks",
				);
				PRODUCT_BUNDLE_IDENTIFIER = com.msc.TheCatsLibraryTests;
				PRODUCT_NAME = "$(TARGET_NAME)";
				SWIFT_VERSION = 5.0;
				TARGETED_DEVICE_FAMILY = "1,2";
				TEST_HOST = "$(BUILT_PRODUCTS_DIR)/TheCatsLibrary.app/TheCatsLibrary";
			};
			name = Debug;
		};
		94F5BF8424F49E700005C3E6 /* Release */ = {
			isa = XCBuildConfiguration;
			baseConfigurationReference = AB378DEAB7BD1A374488C2EB /* Pods-TheCatsLibraryTests.release.xcconfig */;
			buildSettings = {
				ALWAYS_EMBED_SWIFT_STANDARD_LIBRARIES = YES;
				BUNDLE_LOADER = "$(TEST_HOST)";
				CODE_SIGN_STYLE = Automatic;
				INFOPLIST_FILE = TheCatsLibraryTests/Info.plist;
				IPHONEOS_DEPLOYMENT_TARGET = 13.6;
				LD_RUNPATH_SEARCH_PATHS = (
					"$(inherited)",
					"@executable_path/Frameworks",
					"@loader_path/Frameworks",
				);
				PRODUCT_BUNDLE_IDENTIFIER = com.msc.TheCatsLibraryTests;
				PRODUCT_NAME = "$(TARGET_NAME)";
				SWIFT_VERSION = 5.0;
				TARGETED_DEVICE_FAMILY = "1,2";
				TEST_HOST = "$(BUILT_PRODUCTS_DIR)/TheCatsLibrary.app/TheCatsLibrary";
			};
			name = Release;
		};
		94F5BF8624F49E700005C3E6 /* Debug */ = {
			isa = XCBuildConfiguration;
			baseConfigurationReference = 88E5499B0179225858431037 /* Pods-TheCatsLibrary-TheCatsLibraryUITests.debug.xcconfig */;
			buildSettings = {
				ALWAYS_EMBED_SWIFT_STANDARD_LIBRARIES = YES;
				CODE_SIGN_STYLE = Automatic;
				INFOPLIST_FILE = TheCatsLibraryUITests/Info.plist;
				LD_RUNPATH_SEARCH_PATHS = (
					"$(inherited)",
					"@executable_path/Frameworks",
					"@loader_path/Frameworks",
				);
				PRODUCT_BUNDLE_IDENTIFIER = com.msc.TheCatsLibraryUITests;
				PRODUCT_NAME = "$(TARGET_NAME)";
				SWIFT_VERSION = 5.0;
				TARGETED_DEVICE_FAMILY = "1,2";
				TEST_TARGET_NAME = TheCatsLibrary;
			};
			name = Debug;
		};
		94F5BF8724F49E700005C3E6 /* Release */ = {
			isa = XCBuildConfiguration;
			baseConfigurationReference = 11AE25F862BEA1B20368C2D3 /* Pods-TheCatsLibrary-TheCatsLibraryUITests.release.xcconfig */;
			buildSettings = {
				ALWAYS_EMBED_SWIFT_STANDARD_LIBRARIES = YES;
				CODE_SIGN_STYLE = Automatic;
				INFOPLIST_FILE = TheCatsLibraryUITests/Info.plist;
				LD_RUNPATH_SEARCH_PATHS = (
					"$(inherited)",
					"@executable_path/Frameworks",
					"@loader_path/Frameworks",
				);
				PRODUCT_BUNDLE_IDENTIFIER = com.msc.TheCatsLibraryUITests;
				PRODUCT_NAME = "$(TARGET_NAME)";
				SWIFT_VERSION = 5.0;
				TARGETED_DEVICE_FAMILY = "1,2";
				TEST_TARGET_NAME = TheCatsLibrary;
			};
			name = Release;
		};
/* End XCBuildConfiguration section */

/* Begin XCConfigurationList section */
		94F5BF5024F49E6F0005C3E6 /* Build configuration list for PBXProject "TheCatsLibrary" */ = {
			isa = XCConfigurationList;
			buildConfigurations = (
				94F5BF7D24F49E700005C3E6 /* Debug */,
				94F5BF7E24F49E700005C3E6 /* Release */,
			);
			defaultConfigurationIsVisible = 0;
			defaultConfigurationName = Release;
		};
		94F5BF7F24F49E700005C3E6 /* Build configuration list for PBXNativeTarget "TheCatsLibrary" */ = {
			isa = XCConfigurationList;
			buildConfigurations = (
				94F5BF8024F49E700005C3E6 /* Debug */,
				94F5BF8124F49E700005C3E6 /* Release */,
			);
			defaultConfigurationIsVisible = 0;
			defaultConfigurationName = Release;
		};
		94F5BF8224F49E700005C3E6 /* Build configuration list for PBXNativeTarget "TheCatsLibraryTests" */ = {
			isa = XCConfigurationList;
			buildConfigurations = (
				94F5BF8324F49E700005C3E6 /* Debug */,
				94F5BF8424F49E700005C3E6 /* Release */,
			);
			defaultConfigurationIsVisible = 0;
			defaultConfigurationName = Release;
		};
		94F5BF8524F49E700005C3E6 /* Build configuration list for PBXNativeTarget "TheCatsLibraryUITests" */ = {
			isa = XCConfigurationList;
			buildConfigurations = (
				94F5BF8624F49E700005C3E6 /* Debug */,
				94F5BF8724F49E700005C3E6 /* Release */,
			);
			defaultConfigurationIsVisible = 0;
			defaultConfigurationName = Release;
		};
/* End XCConfigurationList section */
	};
	rootObject = 94F5BF4D24F49E6F0005C3E6 /* Project object */;
}
